
Microsoft Visual Studio Solution File, Format Version 12.00
# Visual Studio 2012
Project("{D954291E-2A0B-460D-934E-DC6B0785DB48}") = "Monkey.Tap", "Monkey.Tap\Monkey.Tap.shproj", "{9DE0C35E-E2A1-4196-922C-12152A2F15D7}"
EndProject
Project("{FAE04EC0-301F-11D3-BF4B-00C04F79EFBC}") = "Monkey.Tap.Droid", "Monkey.Tap.Droid\Monkey.Tap.Droid.csproj", "{E26C6C81-0569-4375-A7FB-65AAB96DBE22}"
EndProject
Global
	GlobalSection(SolutionConfigurationPlatforms) = preSolution
		Debug|Any CPU = Debug|Any CPU
		Release|Any CPU = Release|Any CPU
	EndGlobalSection
	GlobalSection(ProjectConfigurationPlatforms) = postSolution
		{E26C6C81-0569-4375-A7FB-65AAB96DBE22}.Debug|Any CPU.ActiveCfg = Debug|Any CPU
		{E26C6C81-0569-4375-A7FB-65AAB96DBE22}.Debug|Any CPU.Build.0 = Debug|Any CPU
		{E26C6C81-0569-4375-A7FB-65AAB96DBE22}.Release|Any CPU.ActiveCfg = Release|Any CPU
		{E26C6C81-0569-4375-A7FB-65AAB96DBE22}.Release|Any CPU.Build.0 = Release|Any CPU
	EndGlobalSection
EndGlobal
